
Microsoft Visual Studio Solution File, Format Version 12.00
# Visual Studio Version 16
VisualStudioVersion = 16.0.31105.61
MinimumVisualStudioVersion = 10.0.40219.1
Project("{FAE04EC0-301F-11D3-BF4B-00C04F79EFBC}") = "ContosoUniversity", "ContosoUniversity.csproj", "{3B38DAF9-3990-465E-A61A-60E3229957D9}"
EndProject
Global
	GlobalSection(SolutionConfigurationPlatforms) = preSolution
		Debug|Any CPU = Debug|Any CPU
		Release|Any CPU = Release|Any CPU
	EndGlobalSection
	GlobalSection(ProjectConfigurationPlatforms) = postSolution
		{3B38DAF9-3990-465E-A61A-60E3229957D9}.Debug|Any CPU.ActiveCfg = Debug|Any CPU
		{3B38DAF9-3990-465E-A61A-60E3229957D9}.Debug|Any CPU.Build.0 = Debug|Any CPU
		{3B38DAF9-3990-465E-A61A-60E3229957D9}.Release|Any CPU.ActiveCfg = Release|Any CPU
		{3B38DAF9-3990-465E-A61A-60E3229957D9}.Release|Any CPU.Build.0 = Release|Any CPU
	EndGlobalSection
	GlobalSection(SolutionProperties) = preSolution
		HideSolutionNode = FALSE
	EndGlobalSection
	GlobalSection(ExtensibilityGlobals) = postSolution
		SolutionGuid = {9EE098D6-4DAF-4821-91B9-836F13F56174}
	EndGlobalSection
EndGlobal
